// !$*UTF8*$!
{
	archiveVersion = 1;
	classes = {
	};
	objectVersion = 50;
	objects = {

/* Begin PBXBuildFile section */
		2C7D3A0A2413C1C60037FD25 /* LaunchScreen.storyboard in Resources */ = {isa = PBXBuildFile; fileRef = 2C7D395E2413C1C50037FD25 /* LaunchScreen.storyboard */; };
		2C7D3A0B2413C1C60037FD25 /* Assets.xcassets in Resources */ = {isa = PBXBuildFile; fileRef = 2C7D39612413C1C50037FD25 /* Assets.xcassets */; };
		2C7D3A0D2413C1C60037FD25 /* main.m in Sources */ = {isa = PBXBuildFile; fileRef = 2C7D39632413C1C50037FD25 /* main.m */; };
		2C7D3A0E2413C1C60037FD25 /* AppDelegate.m in Sources */ = {isa = PBXBuildFile; fileRef = 2C7D39642413C1C50037FD25 /* AppDelegate.m */; };
		2C7D3A0F2413C1C60037FD25 /* Info.plist in Resources */ = {isa = PBXBuildFile; fileRef = 2C7D39652413C1C50037FD25 /* Info.plist */; };
		2C7D3A502413C1C60037FD25 /* EventNames.m in Sources */ = {isa = PBXBuildFile; fileRef = 2C7D3A092413C1C60037FD25 /* EventNames.m */; };
		2C7D3A552413C3030037FD25 /* ThirdPartyAPI.m in Sources */ = {isa = PBXBuildFile; fileRef = 2C7D3A512413C3030037FD25 /* ThirdPartyAPI.m */; };
		2C7D3A562413C3030037FD25 /* AppStoreService.m in Sources */ = {isa = PBXBuildFile; fileRef = 2C7D3A532413C3030037FD25 /* AppStoreService.m */; };
		2C7D3A5F2413C58F0037FD25 /* ActionTableCell.m in Sources */ = {isa = PBXBuildFile; fileRef = 2C7D3A572413C58F0037FD25 /* ActionTableCell.m */; };
		2C7D3A602413C58F0037FD25 /* AccountTableCell.m in Sources */ = {isa = PBXBuildFile; fileRef = 2C7D3A592413C58F0037FD25 /* AccountTableCell.m */; };
		2C7D3A612413C58F0037FD25 /* AboutTableCell.m in Sources */ = {isa = PBXBuildFile; fileRef = 2C7D3A5A2413C58F0037FD25 /* AboutTableCell.m */; };
		2C7D3A622413C58F0037FD25 /* BasicTableCell.m in Sources */ = {isa = PBXBuildFile; fileRef = 2C7D3A5C2413C58F0037FD25 /* BasicTableCell.m */; };
		2C7D3A7A2413C5D80037FD25 /* SettingsPresenter.m in Sources */ = {isa = PBXBuildFile; fileRef = 2C7D3A652413C5D80037FD25 /* SettingsPresenter.m */; };
		2C7D3A7B2413C5D80037FD25 /* SettingsInteractor.m in Sources */ = {isa = PBXBuildFile; fileRef = 2C7D3A662413C5D80037FD25 /* SettingsInteractor.m */; };
		2C7D3A7C2413C5D80037FD25 /* SettingsController.m in Sources */ = {isa = PBXBuildFile; fileRef = 2C7D3A672413C5D80037FD25 /* SettingsController.m */; };
		2C7D3A7D2413C5D80037FD25 /* AccountPresenter.m in Sources */ = {isa = PBXBuildFile; fileRef = 2C7D3A6B2413C5D80037FD25 /* AccountPresenter.m */; };
		2C7D3A7E2413C5D80037FD25 /* AccountRouter.m in Sources */ = {isa = PBXBuildFile; fileRef = 2C7D3A6D2413C5D80037FD25 /* AccountRouter.m */; };
		2C7D3A7F2413C5D80037FD25 /* AccountInteractor.m in Sources */ = {isa = PBXBuildFile; fileRef = 2C7D3A6E2413C5D80037FD25 /* AccountInteractor.m */; };
		2C7D3A802413C5D80037FD25 /* AccountController.m in Sources */ = {isa = PBXBuildFile; fileRef = 2C7D3A6F2413C5D80037FD25 /* AccountController.m */; };
		2C7D3A812413C5D80037FD25 /* AboutInteractor.m in Sources */ = {isa = PBXBuildFile; fileRef = 2C7D3A742413C5D80037FD25 /* AboutInteractor.m */; };
		2C7D3A822413C5D80037FD25 /* AboutPresenter.m in Sources */ = {isa = PBXBuildFile; fileRef = 2C7D3A762413C5D80037FD25 /* AboutPresenter.m */; };
		2C7D3A832413C5D80037FD25 /* AboutController.m in Sources */ = {isa = PBXBuildFile; fileRef = 2C7D3A792413C5D80037FD25 /* AboutController.m */; };
		2C7D3A892413C6B60037FD25 /* UIView+Geometry.m in Sources */ = {isa = PBXBuildFile; fileRef = 2C7D3A852413C6B60037FD25 /* UIView+Geometry.m */; };
		2C7D3A8A2413C6B60037FD25 /* UIView+Util.m in Sources */ = {isa = PBXBuildFile; fileRef = 2C7D3A882413C6B60037FD25 /* UIView+Util.m */; };
		2CF9C4B224135CAA00ECDEEA /* ModelProxy.m in Sources */ = {isa = PBXBuildFile; fileRef = 2CF9C4B124135CAA00ECDEEA /* ModelProxy.m */; };
		2CF9C4C0241360DD00ECDEEA /* Logger.m in Sources */ = {isa = PBXBuildFile; fileRef = 2CF9C4B5241360DD00ECDEEA /* Logger.m */; };
		2CF9C4C1241360DD00ECDEEA /* VIPInteractor.m in Sources */ = {isa = PBXBuildFile; fileRef = 2CF9C4B6241360DD00ECDEEA /* VIPInteractor.m */; };
		2CF9C4C2241360DD00ECDEEA /* VIPPresenter.m in Sources */ = {isa = PBXBuildFile; fileRef = 2CF9C4B7241360DD00ECDEEA /* VIPPresenter.m */; };
		2CF9C4C3241360DE00ECDEEA /* VIPRouter.m in Sources */ = {isa = PBXBuildFile; fileRef = 2CF9C4B8241360DD00ECDEEA /* VIPRouter.m */; };
		2CF9C4C4241360DE00ECDEEA /* SelectorMapping.m in Sources */ = {isa = PBXBuildFile; fileRef = 2CF9C4B9241360DD00ECDEEA /* SelectorMapping.m */; };
		2CF9C4C5241360DE00ECDEEA /* VIPController.m in Sources */ = {isa = PBXBuildFile; fileRef = 2CF9C4BF241360DD00ECDEEA /* VIPController.m */; };
		2CF9C4C82413619400ECDEEA /* VIPBuilder.m in Sources */ = {isa = PBXBuildFile; fileRef = 2CF9C4C72413619400ECDEEA /* VIPBuilder.m */; };
		2CF9C4CB2413625200ECDEEA /* VIPEvent.m in Sources */ = {isa = PBXBuildFile; fileRef = 2CF9C4CA2413625200ECDEEA /* VIPEvent.m */; };
		5B5B6CB74C2EED3B5C9F5672 /* libPods-viper.a in Frameworks */ = {isa = PBXBuildFile; fileRef = E83A0E3282FB2BF45B57EC0B /* libPods-viper.a */; };
/* End PBXBuildFile section */

/* Begin PBXFileReference section */
		155073657DF3736F7B5C8F05 /* Pods-viper.release.xcconfig */ = {isa = PBXFileReference; includeInIndex = 1; lastKnownFileType = text.xcconfig; name = "Pods-viper.release.xcconfig"; path = "Pods/Target Support Files/Pods-viper/Pods-viper.release.xcconfig"; sourceTree = "<group>"; };
		2C7D395E2413C1C50037FD25 /* LaunchScreen.storyboard */ = {isa = PBXFileReference; fileEncoding = 4; lastKnownFileType = file.storyboard; path = LaunchScreen.storyboard; sourceTree = "<group>"; };
		2C7D395F2413C1C50037FD25 /* AppDelegate.h */ = {isa = PBXFileReference; fileEncoding = 4; lastKnownFileType = sourcecode.c.h; path = AppDelegate.h; sourceTree = "<group>"; };
		2C7D39602413C1C50037FD25 /* Medusa.entitlements */ = {isa = PBXFileReference; fileEncoding = 4; lastKnownFileType = text.plist.entitlements; path = Medusa.entitlements; sourceTree = "<group>"; };
		2C7D39612413C1C50037FD25 /* Assets.xcassets */ = {isa = PBXFileReference; lastKnownFileType = folder.assetcatalog; path = Assets.xcassets; sourceTree = "<group>"; };
		2C7D39632413C1C50037FD25 /* main.m */ = {isa = PBXFileReference; fileEncoding = 4; lastKnownFileType = sourcecode.c.objc; path = main.m; sourceTree = "<group>"; };
		2C7D39642413C1C50037FD25 /* AppDelegate.m */ = {isa = PBXFileReference; fileEncoding = 4; lastKnownFileType = sourcecode.c.objc; path = AppDelegate.m; sourceTree = "<group>"; };
		2C7D39652413C1C50037FD25 /* Info.plist */ = {isa = PBXFileReference; fileEncoding = 4; lastKnownFileType = text.plist.xml; path = Info.plist; sourceTree = "<group>"; };
		2C7D3A082413C1C60037FD25 /* EventNames.h */ = {isa = PBXFileReference; fileEncoding = 4; lastKnownFileType = sourcecode.c.h; path = EventNames.h; sourceTree = "<group>"; };
		2C7D3A092413C1C60037FD25 /* EventNames.m */ = {isa = PBXFileReference; fileEncoding = 4; lastKnownFileType = sourcecode.c.objc; path = EventNames.m; sourceTree = "<group>"; };
		2C7D3A512413C3030037FD25 /* ThirdPartyAPI.m */ = {isa = PBXFileReference; fileEncoding = 4; lastKnownFileType = sourcecode.c.objc; path = ThirdPartyAPI.m; sourceTree = "<group>"; };
		2C7D3A522413C3030037FD25 /* AppStoreService.h */ = {isa = PBXFileReference; fileEncoding = 4; lastKnownFileType = sourcecode.c.h; path = AppStoreService.h; sourceTree = "<group>"; };
		2C7D3A532413C3030037FD25 /* AppStoreService.m */ = {isa = PBXFileReference; fileEncoding = 4; lastKnownFileType = sourcecode.c.objc; path = AppStoreService.m; sourceTree = "<group>"; };
		2C7D3A542413C3030037FD25 /* ThirdPartyAPI.h */ = {isa = PBXFileReference; fileEncoding = 4; lastKnownFileType = sourcecode.c.h; path = ThirdPartyAPI.h; sourceTree = "<group>"; };
		2C7D3A572413C58F0037FD25 /* ActionTableCell.m */ = {isa = PBXFileReference; fileEncoding = 4; lastKnownFileType = sourcecode.c.objc; path = ActionTableCell.m; sourceTree = "<group>"; };
		2C7D3A582413C58F0037FD25 /* AccountTableCell.h */ = {isa = PBXFileReference; fileEncoding = 4; lastKnownFileType = sourcecode.c.h; path = AccountTableCell.h; sourceTree = "<group>"; };
		2C7D3A592413C58F0037FD25 /* AccountTableCell.m */ = {isa = PBXFileReference; fileEncoding = 4; lastKnownFileType = sourcecode.c.objc; path = AccountTableCell.m; sourceTree = "<group>"; };
		2C7D3A5A2413C58F0037FD25 /* AboutTableCell.m */ = {isa = PBXFileReference; fileEncoding = 4; lastKnownFileType = sourcecode.c.objc; path = AboutTableCell.m; sourceTree = "<group>"; };
		2C7D3A5B2413C58F0037FD25 /* AboutTableCell.h */ = {isa = PBXFileReference; fileEncoding = 4; lastKnownFileType = sourcecode.c.h; path = AboutTableCell.h; sourceTree = "<group>"; };
		2C7D3A5C2413C58F0037FD25 /* BasicTableCell.m */ = {isa = PBXFileReference; fileEncoding = 4; lastKnownFileType = sourcecode.c.objc; path = BasicTableCell.m; sourceTree = "<group>"; };
		2C7D3A5D2413C58F0037FD25 /* BasicTableCell.h */ = {isa = PBXFileReference; fileEncoding = 4; lastKnownFileType = sourcecode.c.h; path = BasicTableCell.h; sourceTree = "<group>"; };
		2C7D3A5E2413C58F0037FD25 /* ActionTableCell.h */ = {isa = PBXFileReference; fileEncoding = 4; lastKnownFileType = sourcecode.c.h; path = ActionTableCell.h; sourceTree = "<group>"; };
		2C7D3A642413C5D80037FD25 /* SettingsController.h */ = {isa = PBXFileReference; fileEncoding = 4; lastKnownFileType = sourcecode.c.h; path = SettingsController.h; sourceTree = "<group>"; };
		2C7D3A652413C5D80037FD25 /* SettingsPresenter.m */ = {isa = PBXFileReference; fileEncoding = 4; lastKnownFileType = sourcecode.c.objc; path = SettingsPresenter.m; sourceTree = "<group>"; };
		2C7D3A662413C5D80037FD25 /* SettingsInteractor.m */ = {isa = PBXFileReference; fileEncoding = 4; lastKnownFileType = sourcecode.c.objc; path = SettingsInteractor.m; sourceTree = "<group>"; };
		2C7D3A672413C5D80037FD25 /* SettingsController.m */ = {isa = PBXFileReference; fileEncoding = 4; lastKnownFileType = sourcecode.c.objc; path = SettingsController.m; sourceTree = "<group>"; };
		2C7D3A682413C5D80037FD25 /* SettingsInteractor.h */ = {isa = PBXFileReference; fileEncoding = 4; lastKnownFileType = sourcecode.c.h; path = SettingsInteractor.h; sourceTree = "<group>"; };
		2C7D3A692413C5D80037FD25 /* SettingsPresenter.h */ = {isa = PBXFileReference; fileEncoding = 4; lastKnownFileType = sourcecode.c.h; path = SettingsPresenter.h; sourceTree = "<group>"; };
		2C7D3A6B2413C5D80037FD25 /* AccountPresenter.m */ = {isa = PBXFileReference; fileEncoding = 4; lastKnownFileType = sourcecode.c.objc; path = AccountPresenter.m; sourceTree = "<group>"; };
		2C7D3A6C2413C5D80037FD25 /* AccountController.h */ = {isa = PBXFileReference; fileEncoding = 4; lastKnownFileType = sourcecode.c.h; path = AccountController.h; sourceTree = "<group>"; };
		2C7D3A6D2413C5D80037FD25 /* AccountRouter.m */ = {isa = PBXFileReference; fileEncoding = 4; lastKnownFileType = sourcecode.c.objc; path = AccountRouter.m; sourceTree = "<group>"; };
		2C7D3A6E2413C5D80037FD25 /* AccountInteractor.m */ = {isa = PBXFileReference; fileEncoding = 4; lastKnownFileType = sourcecode.c.objc; path = AccountInteractor.m; sourceTree = "<group>"; };
		2C7D3A6F2413C5D80037FD25 /* AccountController.m */ = {isa = PBXFileReference; fileEncoding = 4; lastKnownFileType = sourcecode.c.objc; path = AccountController.m; sourceTree = "<group>"; };
		2C7D3A702413C5D80037FD25 /* AccountPresenter.h */ = {isa = PBXFileReference; fileEncoding = 4; lastKnownFileType = sourcecode.c.h; path = AccountPresenter.h; sourceTree = "<group>"; };
		2C7D3A712413C5D80037FD25 /* AccountInteractor.h */ = {isa = PBXFileReference; fileEncoding = 4; lastKnownFileType = sourcecode.c.h; path = AccountInteractor.h; sourceTree = "<group>"; };
		2C7D3A722413C5D80037FD25 /* AccountRouter.h */ = {isa = PBXFileReference; fileEncoding = 4; lastKnownFileType = sourcecode.c.h; path = AccountRouter.h; sourceTree = "<group>"; };
		2C7D3A742413C5D80037FD25 /* AboutInteractor.m */ = {isa = PBXFileReference; fileEncoding = 4; lastKnownFileType = sourcecode.c.objc; path = AboutInteractor.m; sourceTree = "<group>"; };
		2C7D3A752413C5D80037FD25 /* AboutController.h */ = {isa = PBXFileReference; fileEncoding = 4; lastKnownFileType = sourcecode.c.h; path = AboutController.h; sourceTree = "<group>"; };
		2C7D3A762413C5D80037FD25 /* AboutPresenter.m */ = {isa = PBXFileReference; fileEncoding = 4; lastKnownFileType = sourcecode.c.objc; path = AboutPresenter.m; sourceTree = "<group>"; };
		2C7D3A772413C5D80037FD25 /* AboutInteractor.h */ = {isa = PBXFileReference; fileEncoding = 4; lastKnownFileType = sourcecode.c.h; path = AboutInteractor.h; sourceTree = "<group>"; };
		2C7D3A782413C5D80037FD25 /* AboutPresenter.h */ = {isa = PBXFileReference; fileEncoding = 4; lastKnownFileType = sourcecode.c.h; path = AboutPresenter.h; sourceTree = "<group>"; };
		2C7D3A792413C5D80037FD25 /* AboutController.m */ = {isa = PBXFileReference; fileEncoding = 4; lastKnownFileType = sourcecode.c.objc; path = AboutController.m; sourceTree = "<group>"; };
		2C7D3A852413C6B60037FD25 /* UIView+Geometry.m */ = {isa = PBXFileReference; fileEncoding = 4; lastKnownFileType = sourcecode.c.objc; path = "UIView+Geometry.m"; sourceTree = "<group>"; };
		2C7D3A862413C6B60037FD25 /* UIView+Util.h */ = {isa = PBXFileReference; fileEncoding = 4; lastKnownFileType = sourcecode.c.h; path = "UIView+Util.h"; sourceTree = "<group>"; };
		2C7D3A872413C6B60037FD25 /* UIView+Geometry.h */ = {isa = PBXFileReference; fileEncoding = 4; lastKnownFileType = sourcecode.c.h; path = "UIView+Geometry.h"; sourceTree = "<group>"; };
		2C7D3A882413C6B60037FD25 /* UIView+Util.m */ = {isa = PBXFileReference; fileEncoding = 4; lastKnownFileType = sourcecode.c.objc; path = "UIView+Util.m"; sourceTree = "<group>"; };
		2CF9C4412413500C00ECDEEA /* viper.app */ = {isa = PBXFileReference; explicitFileType = wrapper.application; includeInIndex = 0; path = viper.app; sourceTree = BUILT_PRODUCTS_DIR; };
		2CF9C4832413552B00ECDEEA /* Core.h */ = {isa = PBXFileReference; fileEncoding = 4; lastKnownFileType = sourcecode.c.h; path = Core.h; sourceTree = "<group>"; };
		2CF9C4862413552B00ECDEEA /* Interactor.h */ = {isa = PBXFileReference; fileEncoding = 4; lastKnownFileType = sourcecode.c.h; path = Interactor.h; sourceTree = "<group>"; };
		2CF9C4872413552B00ECDEEA /* Event.h */ = {isa = PBXFileReference; fileEncoding = 4; lastKnownFileType = sourcecode.c.h; path = Event.h; sourceTree = "<group>"; };
		2CF9C4882413552B00ECDEEA /* View.h */ = {isa = PBXFileReference; fileEncoding = 4; lastKnownFileType = sourcecode.c.h; path = View.h; sourceTree = "<group>"; };
		2CF9C4892413552B00ECDEEA /* Router.h */ = {isa = PBXFileReference; fileEncoding = 4; lastKnownFileType = sourcecode.c.h; path = Router.h; sourceTree = "<group>"; };
		2CF9C48A2413552B00ECDEEA /* Presenter.h */ = {isa = PBXFileReference; fileEncoding = 4; lastKnownFileType = sourcecode.c.h; path = Presenter.h; sourceTree = "<group>"; };
		2CF9C4AD2413561C00ECDEEA /* Model.h */ = {isa = PBXFileReference; lastKnownFileType = sourcecode.c.h; path = Model.h; sourceTree = "<group>"; };
		2CF9C4AE241357C000ECDEEA /* ViewModel.h */ = {isa = PBXFileReference; lastKnownFileType = sourcecode.c.h; path = ViewModel.h; sourceTree = "<group>"; };
		2CF9C4AF24135A6B00ECDEEA /* Style.h */ = {isa = PBXFileReference; lastKnownFileType = sourcecode.c.h; path = Style.h; sourceTree = "<group>"; };
		2CF9C4B024135CAA00ECDEEA /* ModelProxy.h */ = {isa = PBXFileReference; fileEncoding = 4; lastKnownFileType = sourcecode.c.h; path = ModelProxy.h; sourceTree = "<group>"; };
		2CF9C4B124135CAA00ECDEEA /* ModelProxy.m */ = {isa = PBXFileReference; fileEncoding = 4; lastKnownFileType = sourcecode.c.objc; path = ModelProxy.m; sourceTree = "<group>"; };
		2CF9C4B324135DD500ECDEEA /* Cell.h */ = {isa = PBXFileReference; lastKnownFileType = sourcecode.c.h; path = Cell.h; sourceTree = "<group>"; };
		2CF9C4B4241360DD00ECDEEA /* Logger.h */ = {isa = PBXFileReference; fileEncoding = 4; lastKnownFileType = sourcecode.c.h; path = Logger.h; sourceTree = "<group>"; };
		2CF9C4B5241360DD00ECDEEA /* Logger.m */ = {isa = PBXFileReference; fileEncoding = 4; lastKnownFileType = sourcecode.c.objc; path = Logger.m; sourceTree = "<group>"; };
		2CF9C4B6241360DD00ECDEEA /* VIPInteractor.m */ = {isa = PBXFileReference; fileEncoding = 4; lastKnownFileType = sourcecode.c.objc; path = VIPInteractor.m; sourceTree = "<group>"; };
		2CF9C4B7241360DD00ECDEEA /* VIPPresenter.m */ = {isa = PBXFileReference; fileEncoding = 4; lastKnownFileType = sourcecode.c.objc; path = VIPPresenter.m; sourceTree = "<group>"; };
		2CF9C4B8241360DD00ECDEEA /* VIPRouter.m */ = {isa = PBXFileReference; fileEncoding = 4; lastKnownFileType = sourcecode.c.objc; path = VIPRouter.m; sourceTree = "<group>"; };
		2CF9C4B9241360DD00ECDEEA /* SelectorMapping.m */ = {isa = PBXFileReference; fileEncoding = 4; lastKnownFileType = sourcecode.c.objc; path = SelectorMapping.m; sourceTree = "<group>"; };
		2CF9C4BA241360DD00ECDEEA /* SelectorMapping.h */ = {isa = PBXFileReference; fileEncoding = 4; lastKnownFileType = sourcecode.c.h; path = SelectorMapping.h; sourceTree = "<group>"; };
		2CF9C4BB241360DD00ECDEEA /* VIPRouter.h */ = {isa = PBXFileReference; fileEncoding = 4; lastKnownFileType = sourcecode.c.h; path = VIPRouter.h; sourceTree = "<group>"; };
		2CF9C4BC241360DD00ECDEEA /* VIPController.h */ = {isa = PBXFileReference; fileEncoding = 4; lastKnownFileType = sourcecode.c.h; path = VIPController.h; sourceTree = "<group>"; };
		2CF9C4BD241360DD00ECDEEA /* VIPPresenter.h */ = {isa = PBXFileReference; fileEncoding = 4; lastKnownFileType = sourcecode.c.h; path = VIPPresenter.h; sourceTree = "<group>"; };
		2CF9C4BE241360DD00ECDEEA /* VIPInteractor.h */ = {isa = PBXFileReference; fileEncoding = 4; lastKnownFileType = sourcecode.c.h; path = VIPInteractor.h; sourceTree = "<group>"; };
		2CF9C4BF241360DD00ECDEEA /* VIPController.m */ = {isa = PBXFileReference; fileEncoding = 4; lastKnownFileType = sourcecode.c.objc; path = VIPController.m; sourceTree = "<group>"; };
		2CF9C4C62413619400ECDEEA /* VIPBuilder.h */ = {isa = PBXFileReference; fileEncoding = 4; lastKnownFileType = sourcecode.c.h; path = VIPBuilder.h; sourceTree = "<group>"; };
		2CF9C4C72413619400ECDEEA /* VIPBuilder.m */ = {isa = PBXFileReference; fileEncoding = 4; lastKnownFileType = sourcecode.c.objc; path = VIPBuilder.m; sourceTree = "<group>"; };
		2CF9C4C92413625200ECDEEA /* VIPEvent.h */ = {isa = PBXFileReference; lastKnownFileType = sourcecode.c.h; path = VIPEvent.h; sourceTree = "<group>"; };
		2CF9C4CA2413625200ECDEEA /* VIPEvent.m */ = {isa = PBXFileReference; lastKnownFileType = sourcecode.c.objc; path = VIPEvent.m; sourceTree = "<group>"; };
		8378D3B5E9EB196FCB337079 /* Pods-viper.debug.xcconfig */ = {isa = PBXFileReference; includeInIndex = 1; lastKnownFileType = text.xcconfig; name = "Pods-viper.debug.xcconfig"; path = "Pods/Target Support Files/Pods-viper/Pods-viper.debug.xcconfig"; sourceTree = "<group>"; };
		E83A0E3282FB2BF45B57EC0B /* libPods-viper.a */ = {isa = PBXFileReference; explicitFileType = archive.ar; includeInIndex = 0; path = "libPods-viper.a"; sourceTree = BUILT_PRODUCTS_DIR; };
/* End PBXFileReference section */

/* Begin PBXFrameworksBuildPhase section */
		2CF9C43E2413500C00ECDEEA /* Frameworks */ = {
			isa = PBXFrameworksBuildPhase;
			buildActionMask = 2147483647;
			files = (
				5B5B6CB74C2EED3B5C9F5672 /* libPods-viper.a in Frameworks */,
			);
			runOnlyForDeploymentPostprocessing = 0;
		};
/* End PBXFrameworksBuildPhase section */

/* Begin PBXGroup section */
		2C7D395D2413C1C50037FD25 /* Other */ = {
			isa = PBXGroup;
			children = (
				2C7D39612413C1C50037FD25 /* Assets.xcassets */,
				2C7D39602413C1C50037FD25 /* Medusa.entitlements */,
				2C7D395E2413C1C50037FD25 /* LaunchScreen.storyboard */,
				2C7D395F2413C1C50037FD25 /* AppDelegate.h */,
				2C7D39642413C1C50037FD25 /* AppDelegate.m */,
				2C7D39632413C1C50037FD25 /* main.m */,
				2C7D39652413C1C50037FD25 /* Info.plist */,
			);
			path = Other;
			sourceTree = "<group>";
		};
		2C7D39662413C1C50037FD25 /* Controller */ = {
			isa = PBXGroup;
			children = (
				2C7D3A732413C5D80037FD25 /* About */,
				2C7D3A6A2413C5D80037FD25 /* Account */,
				2C7D3A632413C5D80037FD25 /* Settings */,
			);
			path = Controller;
			sourceTree = "<group>";
		};
		2C7D39D22413C1C60037FD25 /* Service */ = {
			isa = PBXGroup;
			children = (
				2C7D3A522413C3030037FD25 /* AppStoreService.h */,
				2C7D3A532413C3030037FD25 /* AppStoreService.m */,
				2C7D3A542413C3030037FD25 /* ThirdPartyAPI.h */,
				2C7D3A512413C3030037FD25 /* ThirdPartyAPI.m */,
			);
			path = Service;
			sourceTree = "<group>";
		};
		2C7D39EE2413C1C60037FD25 /* View */ = {
			isa = PBXGroup;
			children = (
				2C7D3A5B2413C58F0037FD25 /* AboutTableCell.h */,
				2C7D3A5A2413C58F0037FD25 /* AboutTableCell.m */,
				2C7D3A582413C58F0037FD25 /* AccountTableCell.h */,
				2C7D3A592413C58F0037FD25 /* AccountTableCell.m */,
				2C7D3A5E2413C58F0037FD25 /* ActionTableCell.h */,
				2C7D3A572413C58F0037FD25 /* ActionTableCell.m */,
				2C7D3A5D2413C58F0037FD25 /* BasicTableCell.h */,
				2C7D3A5C2413C58F0037FD25 /* BasicTableCell.m */,
			);
			path = View;
			sourceTree = "<group>";
		};
		2C7D3A072413C1C60037FD25 /* Event */ = {
			isa = PBXGroup;
			children = (
				2C7D3A082413C1C60037FD25 /* EventNames.h */,
				2C7D3A092413C1C60037FD25 /* EventNames.m */,
			);
			path = Event;
			sourceTree = "<group>";
		};
		2C7D3A632413C5D80037FD25 /* Settings */ = {
			isa = PBXGroup;
			children = (
				2C7D3A642413C5D80037FD25 /* SettingsController.h */,
				2C7D3A672413C5D80037FD25 /* SettingsController.m */,
				2C7D3A682413C5D80037FD25 /* SettingsInteractor.h */,
				2C7D3A662413C5D80037FD25 /* SettingsInteractor.m */,
				2C7D3A692413C5D80037FD25 /* SettingsPresenter.h */,
				2C7D3A652413C5D80037FD25 /* SettingsPresenter.m */,
			);
			path = Settings;
			sourceTree = "<group>";
		};
		2C7D3A6A2413C5D80037FD25 /* Account */ = {
			isa = PBXGroup;
			children = (
				2C7D3A6C2413C5D80037FD25 /* AccountController.h */,
				2C7D3A6F2413C5D80037FD25 /* AccountController.m */,
				2C7D3A712413C5D80037FD25 /* AccountInteractor.h */,
				2C7D3A6E2413C5D80037FD25 /* AccountInteractor.m */,
				2C7D3A702413C5D80037FD25 /* AccountPresenter.h */,
				2C7D3A6B2413C5D80037FD25 /* AccountPresenter.m */,
				2C7D3A722413C5D80037FD25 /* AccountRouter.h */,
				2C7D3A6D2413C5D80037FD25 /* AccountRouter.m */,
			);
			path = Account;
			sourceTree = "<group>";
		};
		2C7D3A732413C5D80037FD25 /* About */ = {
			isa = PBXGroup;
			children = (
				2C7D3A752413C5D80037FD25 /* AboutController.h */,
				2C7D3A792413C5D80037FD25 /* AboutController.m */,
				2C7D3A772413C5D80037FD25 /* AboutInteractor.h */,
				2C7D3A742413C5D80037FD25 /* AboutInteractor.m */,
				2C7D3A782413C5D80037FD25 /* AboutPresenter.h */,
				2C7D3A762413C5D80037FD25 /* AboutPresenter.m */,
			);
			path = About;
			sourceTree = "<group>";
		};
		2C7D3A842413C6770037FD25 /* Util */ = {
			isa = PBXGroup;
			children = (
				2C7D3A872413C6B60037FD25 /* UIView+Geometry.h */,
				2C7D3A852413C6B60037FD25 /* UIView+Geometry.m */,
				2C7D3A862413C6B60037FD25 /* UIView+Util.h */,
				2C7D3A882413C6B60037FD25 /* UIView+Util.m */,
			);
			path = Util;
			sourceTree = "<group>";
		};
		2CF9C4382413500C00ECDEEA = {
			isa = PBXGroup;
			children = (
				2CF9C45D241354EF00ECDEEA /* Core */,
				2CF9C4432413500C00ECDEEA /* viper */,
				2CF9C4422413500C00ECDEEA /* Products */,
				B2D16CA9E792804C54C7B54B /* Pods */,
				B940F42F5532DFA42FEF97FE /* Frameworks */,
			);
			sourceTree = "<group>";
		};
		2CF9C4422413500C00ECDEEA /* Products */ = {
			isa = PBXGroup;
			children = (
				2CF9C4412413500C00ECDEEA /* viper.app */,
			);
			name = Products;
			sourceTree = "<group>";
		};
		2CF9C4432413500C00ECDEEA /* viper */ = {
			isa = PBXGroup;
			children = (
				2C7D3A842413C6770037FD25 /* Util */,
				2C7D3A072413C1C60037FD25 /* Event */,
				2C7D39D22413C1C60037FD25 /* Service */,
				2C7D39EE2413C1C60037FD25 /* View */,
				2C7D39662413C1C50037FD25 /* Controller */,
				2C7D395D2413C1C50037FD25 /* Other */,
			);
			path = viper;
			sourceTree = "<group>";
		};
		2CF9C45D241354EF00ECDEEA /* Core */ = {
			isa = PBXGroup;
			children = (
				2CF9C4832413552B00ECDEEA /* Core.h */,
				2CF9C45E2413552B00ECDEEA /* Model */,
				2CF9C46D2413552B00ECDEEA /* View */,
				2CF9C4842413552B00ECDEEA /* Controller */,
			);
			path = Core;
			sourceTree = "<group>";
		};
		2CF9C45E2413552B00ECDEEA /* Model */ = {
			isa = PBXGroup;
			children = (
				2CF9C4AD2413561C00ECDEEA /* Model.h */,
				2CF9C4AF24135A6B00ECDEEA /* Style.h */,
				2CF9C4AE241357C000ECDEEA /* ViewModel.h */,
				2CF9C4B024135CAA00ECDEEA /* ModelProxy.h */,
				2CF9C4B124135CAA00ECDEEA /* ModelProxy.m */,
			);
			path = Model;
			sourceTree = "<group>";
		};
		2CF9C46D2413552B00ECDEEA /* View */ = {
			isa = PBXGroup;
			children = (
				2CF9C4B324135DD500ECDEEA /* Cell.h */,
			);
			path = View;
			sourceTree = "<group>";
		};
		2CF9C4842413552B00ECDEEA /* Controller */ = {
			isa = PBXGroup;
			children = (
				2CF9C4852413552B00ECDEEA /* VIP */,
				2CF9C48B2413552B00ECDEEA /* Util */,
			);
			path = Controller;
			sourceTree = "<group>";
		};
		2CF9C4852413552B00ECDEEA /* VIP */ = {
			isa = PBXGroup;
			children = (
				2CF9C4872413552B00ECDEEA /* Event.h */,
				2CF9C4882413552B00ECDEEA /* View.h */,
				2CF9C48A2413552B00ECDEEA /* Presenter.h */,
				2CF9C4862413552B00ECDEEA /* Interactor.h */,
				2CF9C4892413552B00ECDEEA /* Router.h */,
			);
			path = VIP;
			sourceTree = "<group>";
		};
		2CF9C48B2413552B00ECDEEA /* Util */ = {
			isa = PBXGroup;
			children = (
				2CF9C4C92413625200ECDEEA /* VIPEvent.h */,
				2CF9C4CA2413625200ECDEEA /* VIPEvent.m */,
				2CF9C4BC241360DD00ECDEEA /* VIPController.h */,
				2CF9C4BF241360DD00ECDEEA /* VIPController.m */,
				2CF9C4BE241360DD00ECDEEA /* VIPInteractor.h */,
				2CF9C4B6241360DD00ECDEEA /* VIPInteractor.m */,
				2CF9C4BD241360DD00ECDEEA /* VIPPresenter.h */,
				2CF9C4B7241360DD00ECDEEA /* VIPPresenter.m */,
				2CF9C4BB241360DD00ECDEEA /* VIPRouter.h */,
				2CF9C4B8241360DD00ECDEEA /* VIPRouter.m */,
				2CF9C4C62413619400ECDEEA /* VIPBuilder.h */,
				2CF9C4C72413619400ECDEEA /* VIPBuilder.m */,
				2CF9C4B4241360DD00ECDEEA /* Logger.h */,
				2CF9C4B5241360DD00ECDEEA /* Logger.m */,
				2CF9C4BA241360DD00ECDEEA /* SelectorMapping.h */,
				2CF9C4B9241360DD00ECDEEA /* SelectorMapping.m */,
			);
			path = Util;
			sourceTree = "<group>";
		};
		B2D16CA9E792804C54C7B54B /* Pods */ = {
			isa = PBXGroup;
			children = (
				8378D3B5E9EB196FCB337079 /* Pods-viper.debug.xcconfig */,
				155073657DF3736F7B5C8F05 /* Pods-viper.release.xcconfig */,
			);
			name = Pods;
			sourceTree = "<group>";
		};
		B940F42F5532DFA42FEF97FE /* Frameworks */ = {
			isa = PBXGroup;
			children = (
				E83A0E3282FB2BF45B57EC0B /* libPods-viper.a */,
			);
			name = Frameworks;
			sourceTree = "<group>";
		};
/* End PBXGroup section */

/* Begin PBXNativeTarget section */
		2CF9C4402413500C00ECDEEA /* viper */ = {
			isa = PBXNativeTarget;
			buildConfigurationList = 2CF9C45A2413500E00ECDEEA /* Build configuration list for PBXNativeTarget "viper" */;
			buildPhases = (
				91A7F6C256B2BBF1A845BEA5 /* [CP] Check Pods Manifest.lock */,
				2CF9C43D2413500C00ECDEEA /* Sources */,
				2CF9C43E2413500C00ECDEEA /* Frameworks */,
				2CF9C43F2413500C00ECDEEA /* Resources */,
				2820646995B0923A33C881D4 /* [CP] Copy Pods Resources */,
			);
			buildRules = (
			);
			dependencies = (
			);
			name = viper;
			productName = viper;
			productReference = 2CF9C4412413500C00ECDEEA /* viper.app */;
			productType = "com.apple.product-type.application";
		};
/* End PBXNativeTarget section */

/* Begin PBXProject section */
		2CF9C4392413500C00ECDEEA /* Project object */ = {
			isa = PBXProject;
			attributes = {
				LastUpgradeCheck = 1130;
				ORGANIZATIONNAME = None;
				TargetAttributes = {
					2CF9C4402413500C00ECDEEA = {
						CreatedOnToolsVersion = 11.3.1;
					};
				};
			};
			buildConfigurationList = 2CF9C43C2413500C00ECDEEA /* Build configuration list for PBXProject "viper" */;
			compatibilityVersion = "Xcode 9.3";
			developmentRegion = en;
			hasScannedForEncodings = 0;
			knownRegions = (
				en,
				Base,
			);
			mainGroup = 2CF9C4382413500C00ECDEEA;
			productRefGroup = 2CF9C4422413500C00ECDEEA /* Products */;
			projectDirPath = "";
			projectRoot = "";
			targets = (
				2CF9C4402413500C00ECDEEA /* viper */,
			);
		};
/* End PBXProject section */

/* Begin PBXResourcesBuildPhase section */
		2CF9C43F2413500C00ECDEEA /* Resources */ = {
			isa = PBXResourcesBuildPhase;
			buildActionMask = 2147483647;
			files = (
				2C7D3A0F2413C1C60037FD25 /* Info.plist in Resources */,
				2C7D3A0B2413C1C60037FD25 /* Assets.xcassets in Resources */,
				2C7D3A0A2413C1C60037FD25 /* LaunchScreen.storyboard in Resources */,
			);
			runOnlyForDeploymentPostprocessing = 0;
		};
/* End PBXResourcesBuildPhase section */

/* Begin PBXShellScriptBuildPhase section */
		2820646995B0923A33C881D4 /* [CP] Copy Pods Resources */ = {
			isa = PBXShellScriptBuildPhase;
			buildActionMask = 2147483647;
			files = (
			);
			inputFileListPaths = (
			);
			inputPaths = (
				"${SRCROOT}/Pods/Target Support Files/Pods-viper/Pods-viper-resources.sh",
				"${PODS_ROOT}/MJRefresh/MJRefresh/MJRefresh.bundle",
				"${PODS_ROOT}/SAMKeychain/Support/SAMKeychain.bundle",
			);
			name = "[CP] Copy Pods Resources";
			outputFileListPaths = (
			);
			outputPaths = (
				"${TARGET_BUILD_DIR}/${UNLOCALIZED_RESOURCES_FOLDER_PATH}/MJRefresh.bundle",
				"${TARGET_BUILD_DIR}/${UNLOCALIZED_RESOURCES_FOLDER_PATH}/SAMKeychain.bundle",
			);
			runOnlyForDeploymentPostprocessing = 0;
			shellPath = /bin/sh;
			shellScript = "\"${SRCROOT}/Pods/Target Support Files/Pods-viper/Pods-viper-resources.sh\"\n";
			showEnvVarsInLog = 0;
		};
		91A7F6C256B2BBF1A845BEA5 /* [CP] Check Pods Manifest.lock */ = {
			isa = PBXShellScriptBuildPhase;
			buildActionMask = 2147483647;
			files = (
			);
			inputFileListPaths = (
			);
			inputPaths = (
				"${PODS_PODFILE_DIR_PATH}/Podfile.lock",
				"${PODS_ROOT}/Manifest.lock",
			);
			name = "[CP] Check Pods Manifest.lock";
			outputFileListPaths = (
			);
			outputPaths = (
				"$(DERIVED_FILE_DIR)/Pods-viper-checkManifestLockResult.txt",
			);
			runOnlyForDeploymentPostprocessing = 0;
			shellPath = /bin/sh;
			shellScript = "diff \"${PODS_PODFILE_DIR_PATH}/Podfile.lock\" \"${PODS_ROOT}/Manifest.lock\" > /dev/null\nif [ $? != 0 ] ; then\n    # print error to STDERR\n    echo \"error: The sandbox is not in sync with the Podfile.lock. Run 'pod install' or update your CocoaPods installation.\" >&2\n    exit 1\nfi\n# This output is used by Xcode 'outputs' to avoid re-running this script phase.\necho \"SUCCESS\" > \"${SCRIPT_OUTPUT_FILE_0}\"\n";
			showEnvVarsInLog = 0;
		};
/* End PBXShellScriptBuildPhase section */

/* Begin PBXSourcesBuildPhase section */
		2CF9C43D2413500C00ECDEEA /* Sources */ = {
			isa = PBXSourcesBuildPhase;
			buildActionMask = 2147483647;
			files = (
				2C7D3A8A2413C6B60037FD25 /* UIView+Util.m in Sources */,
				2C7D3A0E2413C1C60037FD25 /* AppDelegate.m in Sources */,
				2C7D3A602413C58F0037FD25 /* AccountTableCell.m in Sources */,
				2C7D3A7E2413C5D80037FD25 /* AccountRouter.m in Sources */,
				2C7D3A552413C3030037FD25 /* ThirdPartyAPI.m in Sources */,
				2C7D3A0D2413C1C60037FD25 /* main.m in Sources */,
				2CF9C4C2241360DD00ECDEEA /* VIPPresenter.m in Sources */,
				2CF9C4C82413619400ECDEEA /* VIPBuilder.m in Sources */,
				2C7D3A7D2413C5D80037FD25 /* AccountPresenter.m in Sources */,
				2C7D3A7A2413C5D80037FD25 /* SettingsPresenter.m in Sources */,
				2C7D3A612413C58F0037FD25 /* AboutTableCell.m in Sources */,
				2CF9C4C0241360DD00ECDEEA /* Logger.m in Sources */,
				2C7D3A7C2413C5D80037FD25 /* SettingsController.m in Sources */,
				2C7D3A812413C5D80037FD25 /* AboutInteractor.m in Sources */,
				2CF9C4CB2413625200ECDEEA /* VIPEvent.m in Sources */,
				2CF9C4C5241360DE00ECDEEA /* VIPController.m in Sources */,
				2CF9C4C3241360DE00ECDEEA /* VIPRouter.m in Sources */,
				2C7D3A622413C58F0037FD25 /* BasicTableCell.m in Sources */,
				2C7D3A502413C1C60037FD25 /* EventNames.m in Sources */,
				2C7D3A562413C3030037FD25 /* AppStoreService.m in Sources */,
				2C7D3A7B2413C5D80037FD25 /* SettingsInteractor.m in Sources */,
				2CF9C4C1241360DD00ECDEEA /* VIPInteractor.m in Sources */,
				2C7D3A822413C5D80037FD25 /* AboutPresenter.m in Sources */,
				2C7D3A892413C6B60037FD25 /* UIView+Geometry.m in Sources */,
				2C7D3A802413C5D80037FD25 /* AccountController.m in Sources */,
				2CF9C4C4241360DE00ECDEEA /* SelectorMapping.m in Sources */,
				2CF9C4B224135CAA00ECDEEA /* ModelProxy.m in Sources */,
				2C7D3A7F2413C5D80037FD25 /* AccountInteractor.m in Sources */,
				2C7D3A5F2413C58F0037FD25 /* ActionTableCell.m in Sources */,
				2C7D3A832413C5D80037FD25 /* AboutController.m in Sources */,
			);
			runOnlyForDeploymentPostprocessing = 0;
		};
/* End PBXSourcesBuildPhase section */

/* Begin XCBuildConfiguration section */
		2CF9C4582413500E00ECDEEA /* Debug */ = {
			isa = XCBuildConfiguration;
			buildSettings = {
				ALWAYS_SEARCH_USER_PATHS = NO;
				CLANG_ANALYZER_NONNULL = YES;
				CLANG_ANALYZER_NUMBER_OBJECT_CONVERSION = YES_AGGRESSIVE;
				CLANG_CXX_LANGUAGE_STANDARD = "gnu++14";
				CLANG_CXX_LIBRARY = "libc++";
				CLANG_ENABLE_MODULES = YES;
				CLANG_ENABLE_OBJC_ARC = YES;
				CLANG_ENABLE_OBJC_WEAK = YES;
				CLANG_WARN_BLOCK_CAPTURE_AUTORELEASING = YES;
				CLANG_WARN_BOOL_CONVERSION = YES;
				CLANG_WARN_COMMA = YES;
				CLANG_WARN_CONSTANT_CONVERSION = YES;
				CLANG_WARN_DEPRECATED_OBJC_IMPLEMENTATIONS = YES;
				CLANG_WARN_DIRECT_OBJC_ISA_USAGE = YES_ERROR;
				CLANG_WARN_DOCUMENTATION_COMMENTS = YES;
				CLANG_WARN_EMPTY_BODY = YES;
				CLANG_WARN_ENUM_CONVERSION = YES;
				CLANG_WARN_INFINITE_RECURSION = YES;
				CLANG_WARN_INT_CONVERSION = YES;
				CLANG_WARN_NON_LITERAL_NULL_CONVERSION = YES;
				CLANG_WARN_OBJC_IMPLICIT_RETAIN_SELF = YES;
				CLANG_WARN_OBJC_LITERAL_CONVERSION = YES;
				CLANG_WARN_OBJC_ROOT_CLASS = YES_ERROR;
				CLANG_WARN_RANGE_LOOP_ANALYSIS = YES;
				CLANG_WARN_STRICT_PROTOTYPES = YES;
				CLANG_WARN_SUSPICIOUS_MOVE = YES;
				CLANG_WARN_UNGUARDED_AVAILABILITY = YES_AGGRESSIVE;
				CLANG_WARN_UNREACHABLE_CODE = YES;
				CLANG_WARN__DUPLICATE_METHOD_MATCH = YES;
				COPY_PHASE_STRIP = NO;
				DEBUG_INFORMATION_FORMAT = dwarf;
				ENABLE_STRICT_OBJC_MSGSEND = YES;
				ENABLE_TESTABILITY = YES;
				GCC_C_LANGUAGE_STANDARD = gnu11;
				GCC_DYNAMIC_NO_PIC = NO;
				GCC_NO_COMMON_BLOCKS = YES;
				GCC_OPTIMIZATION_LEVEL = 0;
				GCC_PREPROCESSOR_DEFINITIONS = (
					"DEBUG=1",
					"$(inherited)",
				);
				GCC_WARN_64_TO_32_BIT_CONVERSION = YES;
				GCC_WARN_ABOUT_RETURN_TYPE = YES_ERROR;
				GCC_WARN_UNDECLARED_SELECTOR = YES;
				GCC_WARN_UNINITIALIZED_AUTOS = YES_AGGRESSIVE;
				GCC_WARN_UNUSED_FUNCTION = YES;
				GCC_WARN_UNUSED_VARIABLE = YES;
				IPHONEOS_DEPLOYMENT_TARGET = 10.0;
				MTL_ENABLE_DEBUG_INFO = INCLUDE_SOURCE;
				MTL_FAST_MATH = YES;
				ONLY_ACTIVE_ARCH = YES;
				SDKROOT = iphoneos;
			};
			name = Debug;
		};
		2CF9C4592413500E00ECDEEA /* Release */ = {
			isa = XCBuildConfiguration;
			buildSettings = {
				ALWAYS_SEARCH_USER_PATHS = NO;
				CLANG_ANALYZER_NONNULL = YES;
				CLANG_ANALYZER_NUMBER_OBJECT_CONVERSION = YES_AGGRESSIVE;
				CLANG_CXX_LANGUAGE_STANDARD = "gnu++14";
				CLANG_CXX_LIBRARY = "libc++";
				CLANG_ENABLE_MODULES = YES;
				CLANG_ENABLE_OBJC_ARC = YES;
				CLANG_ENABLE_OBJC_WEAK = YES;
				CLANG_WARN_BLOCK_CAPTURE_AUTORELEASING = YES;
				CLANG_WARN_BOOL_CONVERSION = YES;
				CLANG_WARN_COMMA = YES;
				CLANG_WARN_CONSTANT_CONVERSION = YES;
				CLANG_WARN_DEPRECATED_OBJC_IMPLEMENTATIONS = YES;
				CLANG_WARN_DIRECT_OBJC_ISA_USAGE = YES_ERROR;
				CLANG_WARN_DOCUMENTATION_COMMENTS = YES;
				CLANG_WARN_EMPTY_BODY = YES;
				CLANG_WARN_ENUM_CONVERSION = YES;
				CLANG_WARN_INFINITE_RECURSION = YES;
				CLANG_WARN_INT_CONVERSION = YES;
				CLANG_WARN_NON_LITERAL_NULL_CONVERSION = YES;
				CLANG_WARN_OBJC_IMPLICIT_RETAIN_SELF = YES;
				CLANG_WARN_OBJC_LITERAL_CONVERSION = YES;
				CLANG_WARN_OBJC_ROOT_CLASS = YES_ERROR;
				CLANG_WARN_RANGE_LOOP_ANALYSIS = YES;
				CLANG_WARN_STRICT_PROTOTYPES = YES;
				CLANG_WARN_SUSPICIOUS_MOVE = YES;
				CLANG_WARN_UNGUARDED_AVAILABILITY = YES_AGGRESSIVE;
				CLANG_WARN_UNREACHABLE_CODE = YES;
				CLANG_WARN__DUPLICATE_METHOD_MATCH = YES;
				COPY_PHASE_STRIP = NO;
				DEBUG_INFORMATION_FORMAT = "dwarf-with-dsym";
				ENABLE_NS_ASSERTIONS = NO;
				ENABLE_STRICT_OBJC_MSGSEND = YES;
				GCC_C_LANGUAGE_STANDARD = gnu11;
				GCC_NO_COMMON_BLOCKS = YES;
				GCC_WARN_64_TO_32_BIT_CONVERSION = YES;
				GCC_WARN_ABOUT_RETURN_TYPE = YES_ERROR;
				GCC_WARN_UNDECLARED_SELECTOR = YES;
				GCC_WARN_UNINITIALIZED_AUTOS = YES_AGGRESSIVE;
				GCC_WARN_UNUSED_FUNCTION = YES;
				GCC_WARN_UNUSED_VARIABLE = YES;
				IPHONEOS_DEPLOYMENT_TARGET = 10.0;
				MTL_ENABLE_DEBUG_INFO = NO;
				MTL_FAST_MATH = YES;
				SDKROOT = iphoneos;
				VALIDATE_PRODUCT = YES;
			};
			name = Release;
		};
		2CF9C45B2413500E00ECDEEA /* Debug */ = {
			isa = XCBuildConfiguration;
			baseConfigurationReference = 8378D3B5E9EB196FCB337079 /* Pods-viper.debug.xcconfig */;
			buildSettings = {
				ASSETCATALOG_COMPILER_APPICON_NAME = AppIcon;
				CODE_SIGN_STYLE = Automatic;
				CURRENT_PROJECT_VERSION = 1.0.0.1;
				DEVELOPMENT_TEAM = 6AC6UW7HHM;
				INFOPLIST_FILE = viper/Other/Info.plist;
				IPHONEOS_DEPLOYMENT_TARGET = 10.0;
				LD_RUNPATH_SEARCH_PATHS = (
					"$(inherited)",
					"@executable_path/Frameworks",
				);
				MARKETING_VERSION = 1.0.0;
				PRODUCT_BUNDLE_IDENTIFIER = com.none.www.viper;
				PRODUCT_NAME = "$(TARGET_NAME)";
				TARGETED_DEVICE_FAMILY = "1,2";
			};
			name = Debug;
		};
		2CF9C45C2413500E00ECDEEA /* Release */ = {
			isa = XCBuildConfiguration;
			baseConfigurationReference = 155073657DF3736F7B5C8F05 /* Pods-viper.release.xcconfig */;
			buildSettings = {
				ASSETCATALOG_COMPILER_APPICON_NAME = AppIcon;
				CODE_SIGN_STYLE = Automatic;
				CURRENT_PROJECT_VERSION = 1.0.0.1;
				DEVELOPMENT_TEAM = 6AC6UW7HHM;
				INFOPLIST_FILE = viper/Other/Info.plist;
				IPHONEOS_DEPLOYMENT_TARGET = 10.0;
				LD_RUNPATH_SEARCH_PATHS = (
					"$(inherited)",
					"@executable_path/Frameworks",
				);
				MARKETING_VERSION = 1.0.0;
				PRODUCT_BUNDLE_IDENTIFIER = com.none.www.viper;
				PRODUCT_NAME = "$(TARGET_NAME)";
				TARGETED_DEVICE_FAMILY = "1,2";
			};
			name = Release;
		};
/* End XCBuildConfiguration section */

/* Begin XCConfigurationList section */
		2CF9C43C2413500C00ECDEEA /* Build configuration list for PBXProject "viper" */ = {
			isa = XCConfigurationList;
			buildConfigurations = (
				2CF9C4582413500E00ECDEEA /* Debug */,
				2CF9C4592413500E00ECDEEA /* Release */,
			);
			defaultConfigurationIsVisible = 0;
			defaultConfigurationName = Release;
		};
		2CF9C45A2413500E00ECDEEA /* Build configuration list for PBXNativeTarget "viper" */ = {
			isa = XCConfigurationList;
			buildConfigurations = (
				2CF9C45B2413500E00ECDEEA /* Debug */,
				2CF9C45C2413500E00ECDEEA /* Release */,
			);
			defaultConfigurationIsVisible = 0;
			defaultConfigurationName = Release;
		};
/* End XCConfigurationList section */
	};
	rootObject = 2CF9C4392413500C00ECDEEA /* Project object */;
}
